// !$*UTF8*$!
{
	archiveVersion = 1;
	classes = {
	};
	objectVersion = 46;
	objects = {

/* Begin PBXBuildFile section */
		0D046F781E43716500AC81F1 /* AppDelegate.swift in Sources */ = {isa = PBXBuildFile; fileRef = 0D046F771E43716500AC81F1 /* AppDelegate.swift */; };
		0D046F7D1E43716500AC81F1 /* Main.storyboard in Resources */ = {isa = PBXBuildFile; fileRef = 0D046F7B1E43716500AC81F1 /* Main.storyboard */; };
		0D046F7F1E43716500AC81F1 /* Assets.xcassets in Resources */ = {isa = PBXBuildFile; fileRef = 0D046F7E1E43716500AC81F1 /* Assets.xcassets */; };
		0D046F821E43716500AC81F1 /* LaunchScreen.storyboard in Resources */ = {isa = PBXBuildFile; fileRef = 0D046F801E43716500AC81F1 /* LaunchScreen.storyboard */; };
		0D046F8A1E43719100AC81F1 /* TumblrViewController.swift in Sources */ = {isa = PBXBuildFile; fileRef = 0D046F891E43719100AC81F1 /* TumblrViewController.swift */; };
		0D046F8C1E43732300AC81F1 /* TumblrCell.swift in Sources */ = {isa = PBXBuildFile; fileRef = 0D046F8B1E43732300AC81F1 /* TumblrCell.swift */; };
		61E2F3ACDA24ED2603597E0E /* Pods_TumblrCodePath.framework in Frameworks */ = {isa = PBXBuildFile; fileRef = 04397740DE26338B2C94B8A5 /* Pods_TumblrCodePath.framework */; };
/* End PBXBuildFile section */

/* Begin PBXFileReference section */
		04397740DE26338B2C94B8A5 /* Pods_TumblrCodePath.framework */ = {isa = PBXFileReference; explicitFileType = wrapper.framework; includeInIndex = 0; path = Pods_TumblrCodePath.framework; sourceTree = BUILT_PRODUCTS_DIR; };
		0D046F741E43716500AC81F1 /* TumblrCodePath.app */ = {isa = PBXFileReference; explicitFileType = wrapper.application; includeInIndex = 0; path = TumblrCodePath.app; sourceTree = BUILT_PRODUCTS_DIR; };
		0D046F771E43716500AC81F1 /* AppDelegate.swift */ = {isa = PBXFileReference; lastKnownFileType = sourcecode.swift; path = AppDelegate.swift; sourceTree = "<group>"; };
		0D046F7C1E43716500AC81F1 /* Base */ = {isa = PBXFileReference; lastKnownFileType = file.storyboard; name = Base; path = Base.lproj/Main.storyboard; sourceTree = "<group>"; };
		0D046F7E1E43716500AC81F1 /* Assets.xcassets */ = {isa = PBXFileReference; lastKnownFileType = folder.assetcatalog; path = Assets.xcassets; sourceTree = "<group>"; };
		0D046F811E43716500AC81F1 /* Base */ = {isa = PBXFileReference; lastKnownFileType = file.storyboard; name = Base; path = Base.lproj/LaunchScreen.storyboard; sourceTree = "<group>"; };
		0D046F831E43716500AC81F1 /* Info.plist */ = {isa = PBXFileReference; lastKnownFileType = text.plist.xml; path = Info.plist; sourceTree = "<group>"; };
		0D046F891E43719100AC81F1 /* TumblrViewController.swift */ = {isa = PBXFileReference; fileEncoding = 4; lastKnownFileType = sourcecode.swift; path = TumblrViewController.swift; sourceTree = "<group>"; };
		0D046F8B1E43732300AC81F1 /* TumblrCell.swift */ = {isa = PBXFileReference; fileEncoding = 4; lastKnownFileType = sourcecode.swift; path = TumblrCell.swift; sourceTree = "<group>"; };
		CE07A7661F71E9CC7F9702D7 /* Pods-TumblrCodePath.release.xcconfig */ = {isa = PBXFileReference; includeInIndex = 1; lastKnownFileType = text.xcconfig; name = "Pods-TumblrCodePath.release.xcconfig"; path = "Pods/Target Support Files/Pods-TumblrCodePath/Pods-TumblrCodePath.release.xcconfig"; sourceTree = "<group>"; };
		F825E0CEEB944AED05591CDF /* Pods-TumblrCodePath.debug.xcconfig */ = {isa = PBXFileReference; includeInIndex = 1; lastKnownFileType = text.xcconfig; name = "Pods-TumblrCodePath.debug.xcconfig"; path = "Pods/Target Support Files/Pods-TumblrCodePath/Pods-TumblrCodePath.debug.xcconfig"; sourceTree = "<group>"; };
/* End PBXFileReference section */

/* Begin PBXFrameworksBuildPhase section */
		0D046F711E43716500AC81F1 /* Frameworks */ = {
			isa = PBXFrameworksBuildPhase;
			buildActionMask = 2147483647;
			files = (
				61E2F3ACDA24ED2603597E0E /* Pods_TumblrCodePath.framework in Frameworks */,
			);
			runOnlyForDeploymentPostprocessing = 0;
		};
/* End PBXFrameworksBuildPhase section */

/* Begin PBXGroup section */
		0D046F6B1E43716500AC81F1 = {
			isa = PBXGroup;
			children = (
				0D046F761E43716500AC81F1 /* TumblrCodePath */,
				0D046F751E43716500AC81F1 /* Products */,
				EDCB81F9B8056D2E7FAED686 /* Pods */,
				AC0D2350F5A150F3BA32F63F /* Frameworks */,
			);
			sourceTree = "<group>";
		};
		0D046F751E43716500AC81F1 /* Products */ = {
			isa = PBXGroup;
			children = (
				0D046F741E43716500AC81F1 /* TumblrCodePath.app */,
			);
			name = Products;
			sourceTree = "<group>";
		};
		0D046F761E43716500AC81F1 /* TumblrCodePath */ = {
			isa = PBXGroup;
			children = (
				0D046F771E43716500AC81F1 /* AppDelegate.swift */,
				0D046F7B1E43716500AC81F1 /* Main.storyboard */,
				0D046F7E1E43716500AC81F1 /* Assets.xcassets */,
				0D046F801E43716500AC81F1 /* LaunchScreen.storyboard */,
				0D046F831E43716500AC81F1 /* Info.plist */,
				0D046F891E43719100AC81F1 /* TumblrViewController.swift */,
				0D046F8B1E43732300AC81F1 /* TumblrCell.swift */,
			);
			path = TumblrCodePath;
			sourceTree = "<group>";
		};
		AC0D2350F5A150F3BA32F63F /* Frameworks */ = {
			isa = PBXGroup;
			children = (
				04397740DE26338B2C94B8A5 /* Pods_TumblrCodePath.framework */,
			);
			name = Frameworks;
			sourceTree = "<group>";
		};
		EDCB81F9B8056D2E7FAED686 /* Pods */ = {
			isa = PBXGroup;
			children = (
				F825E0CEEB944AED05591CDF /* Pods-TumblrCodePath.debug.xcconfig */,
				CE07A7661F71E9CC7F9702D7 /* Pods-TumblrCodePath.release.xcconfig */,
			);
			name = Pods;
			sourceTree = "<group>";
		};
/* End PBXGroup section */

/* Begin PBXNativeTarget section */
		0D046F731E43716500AC81F1 /* TumblrCodePath */ = {
			isa = PBXNativeTarget;
			buildConfigurationList = 0D046F861E43716500AC81F1 /* Build configuration list for PBXNativeTarget "TumblrCodePath" */;
			buildPhases = (
				C333BC2AD1A0D68E2015A5ED /* [CP] Check Pods Manifest.lock */,
				0D046F701E43716500AC81F1 /* Sources */,
				0D046F711E43716500AC81F1 /* Frameworks */,
				0D046F721E43716500AC81F1 /* Resources */,
				E8B87436019E84376F9C4AA4 /* [CP] Embed Pods Frameworks */,
				CA6D536C14ABA6DAFD5496A2 /* [CP] Copy Pods Resources */,
			);
			buildRules = (
			);
			dependencies = (
			);
			name = TumblrCodePath;
			productName = TumblrCodePath;
			productReference = 0D046F741E43716500AC81F1 /* TumblrCodePath.app */;
			productType = "com.apple.product-type.application";
		};
/* End PBXNativeTarget section */

/* Begin PBXProject section */
		0D046F6C1E43716500AC81F1 /* Project object */ = {
			isa = PBXProject;
			attributes = {
				LastSwiftUpdateCheck = 0820;
				LastUpgradeCheck = 0820;
				ORGANIZATIONNAME = micah;
				TargetAttributes = {
					0D046F731E43716500AC81F1 = {
						CreatedOnToolsVersion = 8.2.1;
						DevelopmentTeam = 647J3BCK2V;
						ProvisioningStyle = Automatic;
					};
				};
			};
			buildConfigurationList = 0D046F6F1E43716500AC81F1 /* Build configuration list for PBXProject "TumblrCodePath" */;
			compatibilityVersion = "Xcode 3.2";
			developmentRegion = English;
			hasScannedForEncodings = 0;
			knownRegions = (
				en,
				Base,
			);
			mainGroup = 0D046F6B1E43716500AC81F1;
			productRefGroup = 0D046F751E43716500AC81F1 /* Products */;
			projectDirPath = "";
			projectRoot = "";
			targets = (
				0D046F731E43716500AC81F1 /* TumblrCodePath */,
			);
		};
/* End PBXProject section */

/* Begin PBXResourcesBuildPhase section */
		0D046F721E43716500AC81F1 /* Resources */ = {
			isa = PBXResourcesBuildPhase;
			buildActionMask = 2147483647;
			files = (
				0D046F821E43716500AC81F1 /* LaunchScreen.storyboard in Resources */,
				0D046F7F1E43716500AC81F1 /* Assets.xcassets in Resources */,
				0D046F7D1E43716500AC81F1 /* Main.storyboard in Resources */,
			);
			runOnlyForDeploymentPostprocessing = 0;
		};
/* End PBXResourcesBuildPhase section */

/* Begin PBXShellScriptBuildPhase section */
		C333BC2AD1A0D68E2015A5ED /* [CP] Check Pods Manifest.lock */ = {
			isa = PBXShellScriptBuildPhase;
			buildActionMask = 2147483647;
			files = (
			);
			inputPaths = (
			);
			name = "[CP] Check Pods Manifest.lock";
			outputPaths = (
			);
			runOnlyForDeploymentPostprocessing = 0;
			shellPath = /bin/sh;
			shellScript = "diff \"${PODS_ROOT}/../Podfile.lock\" \"${PODS_ROOT}/Manifest.lock\" > /dev/null\nif [ $? != 0 ] ; then\n    # print error to STDERR\n    echo \"error: The sandbox is not in sync with the Podfile.lock. Run 'pod install' or update your CocoaPods installation.\" >&2\n    exit 1\nfi\n";
			showEnvVarsInLog = 0;
		};
		CA6D536C14ABA6DAFD5496A2 /* [CP] Copy Pods Resources */ = {
			isa = PBXShellScriptBuildPhase;
			buildActionMask = 2147483647;
			files = (
			);
			inputPaths = (
			);
			name = "[CP] Copy Pods Resources";
			outputPaths = (
			);
			runOnlyForDeploymentPostprocessing = 0;
			shellPath = /bin/sh;
			shellScript = "\"${SRCROOT}/Pods/Target Support Files/Pods-TumblrCodePath/Pods-TumblrCodePath-resources.sh\"\n";
			showEnvVarsInLog = 0;
		};
		E8B87436019E84376F9C4AA4 /* [CP] Embed Pods Frameworks */ = {
			isa = PBXShellScriptBuildPhase;
			buildActionMask = 2147483647;
			files = (
			);
			inputPaths = (
			);
			name = "[CP] Embed Pods Frameworks";
			outputPaths = (
			);
			runOnlyForDeploymentPostprocessing = 0;
			shellPath = /bin/sh;
			shellScript = "\"${SRCROOT}/Pods/Target Support Files/Pods-TumblrCodePath/Pods-TumblrCodePath-frameworks.sh\"\n";
			showEnvVarsInLog = 0;
		};
/* End PBXShellScriptBuildPhase section */

/* Begin PBXSourcesBuildPhase section */
		0D046F701E43716500AC81F1 /* Sources */ = {
			isa = PBXSourcesBuildPhase;
			buildActionMask = 2147483647;
			files = (
				0D046F8A1E43719100AC81F1 /* TumblrViewController.swift in Sources */,
				0D046F8C1E43732300AC81F1 /* TumblrCell.swift in Sources */,
				0D046F781E43716500AC81F1 /* AppDelegate.swift in Sources */,
			);
			runOnlyForDeploymentPostprocessing = 0;
		};
/* End PBXSourcesBuildPhase section */

/* Begin PBXVariantGroup section */
		0D046F7B1E43716500AC81F1 /* Main.storyboard */ = {
			isa = PBXVariantGroup;
			children = (
				0D046F7C1E43716500AC81F1 /* Base */,
			);
			name = Main.storyboard;
			sourceTree = "<group>";
		};
		0D046F801E43716500AC81F1 /* LaunchScreen.storyboard */ = {
			isa = PBXVariantGroup;
			children = (
				0D046F811E43716500AC81F1 /* Base */,
			);
			name = LaunchScreen.storyboard;
			sourceTree = "<group>";
		};
/* End PBXVariantGroup section */

/* Begin XCBuildConfiguration section */
		0D046F841E43716500AC81F1 /* Debug */ = {
			isa = XCBuildConfiguration;
			buildSettings = {
				ALWAYS_SEARCH_USER_PATHS = NO;
				CLANG_ANALYZER_NONNULL = YES;
				CLANG_CXX_LANGUAGE_STANDARD = "gnu++0x";
				CLANG_CXX_LIBRARY = "libc++";
				CLANG_ENABLE_MODULES = YES;
				CLANG_ENABLE_OBJC_ARC = YES;
				CLANG_WARN_BOOL_CONVERSION = YES;
				CLANG_WARN_CONSTANT_CONVERSION = YES;
				CLANG_WARN_DIRECT_OBJC_ISA_USAGE = YES_ERROR;
				CLANG_WARN_DOCUMENTATION_COMMENTS = YES;
				CLANG_WARN_EMPTY_BODY = YES;
				CLANG_WARN_ENUM_CONVERSION = YES;
				CLANG_WARN_INFINITE_RECURSION = YES;
				CLANG_WARN_INT_CONVERSION = YES;
				CLANG_WARN_OBJC_ROOT_CLASS = YES_ERROR;
				CLANG_WARN_SUSPICIOUS_MOVE = YES;
				CLANG_WARN_UNREACHABLE_CODE = YES;
				CLANG_WARN__DUPLICATE_METHOD_MATCH = YES;
				"CODE_SIGN_IDENTITY[sdk=iphoneos*]" = "iPhone Developer";
				COPY_PHASE_STRIP = NO;
				DEBUG_INFORMATION_FORMAT = dwarf;
				ENABLE_STRICT_OBJC_MSGSEND = YES;
				ENABLE_TESTABILITY = YES;
				GCC_C_LANGUAGE_STANDARD = gnu99;
				GCC_DYNAMIC_NO_PIC = NO;
				GCC_NO_COMMON_BLOCKS = YES;
				GCC_OPTIMIZATION_LEVEL = 0;
				GCC_PREPROCESSOR_DEFINITIONS = (
					"DEBUG=1",
					"$(inherited)",
				);
				GCC_WARN_64_TO_32_BIT_CONVERSION = YES;
				GCC_WARN_ABOUT_RETURN_TYPE = YES_ERROR;
				GCC_WARN_UNDECLARED_SELECTOR = YES;
				GCC_WARN_UNINITIALIZED_AUTOS = YES_AGGRESSIVE;
				GCC_WARN_UNUSED_FUNCTION = YES;
				GCC_WARN_UNUSED_VARIABLE = YES;
				IPHONEOS_DEPLOYMENT_TARGET = 10.2;
				MTL_ENABLE_DEBUG_INFO = YES;
				ONLY_ACTIVE_ARCH = YES;
				SDKROOT = iphoneos;
				SWIFT_ACTIVE_COMPILATION_CONDITIONS = DEBUG;
				SWIFT_OPTIMIZATION_LEVEL = "-Onone";
			};
			name = Debug;
		};
		0D046F851E43716500AC81F1 /* Release */ = {
			isa = XCBuildConfiguration;
			buildSettings = {
				ALWAYS_SEARCH_USER_PATHS = NO;
				CLANG_ANALYZER_NONNULL = YES;
				CLANG_CXX_LANGUAGE_STANDARD = "gnu++0x";
				CLANG_CXX_LIBRARY = "libc++";
				CLANG_ENABLE_MODULES = YES;
				CLANG_ENABLE_OBJC_ARC = YES;
				CLANG_WARN_BOOL_CONVERSION = YES;
				CLANG_WARN_CONSTANT_CONVERSION = YES;
				CLANG_WARN_DIRECT_OBJC_ISA_USAGE = YES_ERROR;
				CLANG_WARN_DOCUMENTATION_COMMENTS = YES;
				CLANG_WARN_EMPTY_BODY = YES;
				CLANG_WARN_ENUM_CONVERSION = YES;
				CLANG_WARN_INFINITE_RECURSION = YES;
				CLANG_WARN_INT_CONVERSION = YES;
				CLANG_WARN_OBJC_ROOT_CLASS = YES_ERROR;
				CLANG_WARN_SUSPICIOUS_MOVE = YES;
				CLANG_WARN_UNREACHABLE_CODE = YES;
				CLANG_WARN__DUPLICATE_METHOD_MATCH = YES;
				"CODE_SIGN_IDENTITY[sdk=iphoneos*]" = "iPhone Developer";
				COPY_PHASE_STRIP = NO;
				DEBUG_INFORMATION_FORMAT = "dwarf-with-dsym";
				ENABLE_NS_ASSERTIONS = NO;
				ENABLE_STRICT_OBJC_MSGSEND = YES;
				GCC_C_LANGUAGE_STANDARD = gnu99;
				GCC_NO_COMMON_BLOCKS = YES;
				GCC_WARN_64_TO_32_BIT_CONVERSION = YES;
				GCC_WARN_ABOUT_RETURN_TYPE = YES_ERROR;
				GCC_WARN_UNDECLARED_SELECTOR = YES;
				GCC_WARN_UNINITIALIZED_AUTOS = YES_AGGRESSIVE;
				GCC_WARN_UNUSED_FUNCTION = YES;
				GCC_WARN_UNUSED_VARIABLE = YES;
				IPHONEOS_DEPLOYMENT_TARGET = 10.2;
				MTL_ENABLE_DEBUG_INFO = NO;
				SDKROOT = iphoneos;
				SWIFT_OPTIMIZATION_LEVEL = "-Owholemodule";
				VALIDATE_PRODUCT = YES;
			};
			name = Release;
		};
		0D046F871E43716500AC81F1 /* Debug */ = {
			isa = XCBuildConfiguration;
			baseConfigurationReference = F825E0CEEB944AED05591CDF /* Pods-TumblrCodePath.debug.xcconfig */;
			buildSettings = {
				ASSETCATALOG_COMPILER_APPICON_NAME = AppIcon;
				DEVELOPMENT_TEAM = 647J3BCK2V;
				INFOPLIST_FILE = TumblrCodePath/Info.plist;
				LD_RUNPATH_SEARCH_PATHS = "$(inherited) @executable_path/Frameworks";
				PRODUCT_BUNDLE_IDENTIFIER = com.TumblrCodePath;
				PRODUCT_NAME = "$(TARGET_NAME)";
				SWIFT_VERSION = 3.0;
			};
			name = Debug;
		};
		0D046F881E43716500AC81F1 /* Release */ = {
			isa = XCBuildConfiguration;
			baseConfigurationReference = CE07A7661F71E9CC7F9702D7 /* Pods-TumblrCodePath.release.xcconfig */;
			buildSettings = {
				ASSETCATALOG_COMPILER_APPICON_NAME = AppIcon;
				DEVELOPMENT_TEAM = 647J3BCK2V;
				INFOPLIST_FILE = TumblrCodePath/Info.plist;
				LD_RUNPATH_SEARCH_PATHS = "$(inherited) @executable_path/Frameworks";
				PRODUCT_BUNDLE_IDENTIFIER = com.TumblrCodePath;
				PRODUCT_NAME = "$(TARGET_NAME)";
				SWIFT_VERSION = 3.0;
			};
			name = Release;
		};
/* End XCBuildConfiguration section */

/* Begin XCConfigurationList section */
		0D046F6F1E43716500AC81F1 /* Build configuration list for PBXProject "TumblrCodePath" */ = {
			isa = XCConfigurationList;
			buildConfigurations = (
				0D046F841E43716500AC81F1 /* Debug */,
				0D046F851E43716500AC81F1 /* Release */,
			);
			defaultConfigurationIsVisible = 0;
			defaultConfigurationName = Release;
		};
		0D046F861E43716500AC81F1 /* Build configuration list for PBXNativeTarget "TumblrCodePath" */ = {
			isa = XCConfigurationList;
			buildConfigurations = (
				0D046F871E43716500AC81F1 /* Debug */,
				0D046F881E43716500AC81F1 /* Release */,
			);
			defaultConfigurationIsVisible = 0;
		};
/* End XCConfigurationList section */
	};
	rootObject = 0D046F6C1E43716500AC81F1 /* Project object */;
}
